// !$*UTF8*$!
{
	archiveVersion = 1;
	classes = {
	};
	objectVersion = 50;
	objects = {

/* Begin PBXBuildFile section */
		67AC350B9145F46F1651CB84 /* Pods_BitUncleTests.framework in Frameworks */ = {isa = PBXBuildFile; fileRef = BD71B5F977EB659A7D4B7A72 /* Pods_BitUncleTests.framework */; };
		9BE2CDDD520A94CD807EDD1F /* Pods_BitUncle.framework in Frameworks */ = {isa = PBXBuildFile; fileRef = 923D21718396DEB669B9F0AA /* Pods_BitUncle.framework */; };
		9C0288FC220C544800AD82A7 /* Localizable.strings in Resources */ = {isa = PBXBuildFile; fileRef = 9C0288F7220C544800AD82A7 /* Localizable.strings */; };
		9C0288FD220C544800AD82A7 /* Base.lproj in Resources */ = {isa = PBXBuildFile; fileRef = 9C0288F8220C544800AD82A7 /* Base.lproj */; };
		9C0288FE220C544800AD82A7 /* Assets.xcassets in Resources */ = {isa = PBXBuildFile; fileRef = 9C0288F9220C544800AD82A7 /* Assets.xcassets */; };
		9C0288FF220C544800AD82A7 /* RemoteConfig.plist in Resources */ = {isa = PBXBuildFile; fileRef = 9C0288FA220C544800AD82A7 /* RemoteConfig.plist */; };
		9C028900220C544800AD82A7 /* String+Translations.swift in Sources */ = {isa = PBXBuildFile; fileRef = 9C0288FB220C544800AD82A7 /* String+Translations.swift */; };
		9C028904220C58CC00AD82A7 /* Profile.DataModel.swift in Sources */ = {isa = PBXBuildFile; fileRef = 9C028903220C58CC00AD82A7 /* Profile.DataModel.swift */; };
		9C02890C220C59BF00AD82A7 /* ProfileActions.swift in Sources */ = {isa = PBXBuildFile; fileRef = 9C028906220C59BF00AD82A7 /* ProfileActions.swift */; };
		9C02890D220C59BF00AD82A7 /* Profile.Presenter.swift in Sources */ = {isa = PBXBuildFile; fileRef = 9C028907220C59BF00AD82A7 /* Profile.Presenter.swift */; };
		9C02890F220C59BF00AD82A7 /* Profile.ViewController.swift in Sources */ = {isa = PBXBuildFile; fileRef = 9C028909220C59BF00AD82A7 /* Profile.ViewController.swift */; };
		9C028910220C59BF00AD82A7 /* ProfileParameters.swift in Sources */ = {isa = PBXBuildFile; fileRef = 9C02890A220C59BF00AD82A7 /* ProfileParameters.swift */; };
		9C028911220C59BF00AD82A7 /* Profile.swift in Sources */ = {isa = PBXBuildFile; fileRef = 9C02890B220C59BF00AD82A7 /* Profile.swift */; };
		9C028913220C5A3800AD82A7 /* ProfileViewable.swift in Sources */ = {isa = PBXBuildFile; fileRef = 9C028912220C5A3800AD82A7 /* ProfileViewable.swift */; };
		9C028916220C5B9C00AD82A7 /* Profile.Response.swift in Sources */ = {isa = PBXBuildFile; fileRef = 9C028915220C5B9C00AD82A7 /* Profile.Response.swift */; };
		9C028918220C5C7700AD82A7 /* UINavigationController+Extension.swift in Sources */ = {isa = PBXBuildFile; fileRef = 9C028917220C5C7700AD82A7 /* UINavigationController+Extension.swift */; };
		9C02891C220C60BA00AD82A7 /* ErrorActionable.swift in Sources */ = {isa = PBXBuildFile; fileRef = 9C02891B220C60BA00AD82A7 /* ErrorActionable.swift */; };
		9C03851D2214393C005D62DF /* Profile.DataSource.swift in Sources */ = {isa = PBXBuildFile; fileRef = 9C03851C2214393C005D62DF /* Profile.DataSource.swift */; };
		9C03851F22145EE3005D62DF /* Profile.Delegate.swift in Sources */ = {isa = PBXBuildFile; fileRef = 9C03851E22145EE3005D62DF /* Profile.Delegate.swift */; };
		9C066E07221028FE009AE5FC /* Build.Response.swift in Sources */ = {isa = PBXBuildFile; fileRef = 9C066E06221028FE009AE5FC /* Build.Response.swift */; };
		9C066E092210290B009AE5FC /* Build.DataModel.swift in Sources */ = {isa = PBXBuildFile; fileRef = 9C066E082210290B009AE5FC /* Build.DataModel.swift */; };
		9C066E0B22102C11009AE5FC /* Build.Cell.swift in Sources */ = {isa = PBXBuildFile; fileRef = 9C066E0A22102C11009AE5FC /* Build.Cell.swift */; };
		9C18124E220D9095003D30AF /* AppActions.swift in Sources */ = {isa = PBXBuildFile; fileRef = 9C181246220D9095003D30AF /* AppActions.swift */; };
		9C18124F220D9095003D30AF /* App.Presenter.swift in Sources */ = {isa = PBXBuildFile; fileRef = 9C181247220D9095003D30AF /* App.Presenter.swift */; };
		9C181250220D9095003D30AF /* App.DataSource.swift in Sources */ = {isa = PBXBuildFile; fileRef = 9C181248220D9095003D30AF /* App.DataSource.swift */; };
		9C181252220D9095003D30AF /* App.ViewController.swift in Sources */ = {isa = PBXBuildFile; fileRef = 9C18124A220D9095003D30AF /* App.ViewController.swift */; };
		9C181253220D9095003D30AF /* AppParameters.swift in Sources */ = {isa = PBXBuildFile; fileRef = 9C18124B220D9095003D30AF /* AppParameters.swift */; };
		9C181254220D9095003D30AF /* App.Delegate.swift in Sources */ = {isa = PBXBuildFile; fileRef = 9C18124C220D9095003D30AF /* App.Delegate.swift */; };
		9C181255220D9095003D30AF /* App.swift in Sources */ = {isa = PBXBuildFile; fileRef = 9C18124D220D9095003D30AF /* App.swift */; };
		9C181257220D90F3003D30AF /* AppViewable.swift in Sources */ = {isa = PBXBuildFile; fileRef = 9C181256220D90F3003D30AF /* AppViewable.swift */; };
		9C181259220D923A003D30AF /* App.Cell.swift in Sources */ = {isa = PBXBuildFile; fileRef = 9C181258220D923A003D30AF /* App.Cell.swift */; };
		9C18125B220D92DC003D30AF /* App.Response.swift in Sources */ = {isa = PBXBuildFile; fileRef = 9C18125A220D92DC003D30AF /* App.Response.swift */; };
		9C18125D220D9302003D30AF /* App.DataModel.swift in Sources */ = {isa = PBXBuildFile; fileRef = 9C18125C220D9302003D30AF /* App.DataModel.swift */; };
		9C18125F220D939C003D30AF /* Paging.swift in Sources */ = {isa = PBXBuildFile; fileRef = 9C18125E220D939C003D30AF /* Paging.swift */; };
		9C181261220D970A003D30AF /* ReusableCell.swift in Sources */ = {isa = PBXBuildFile; fileRef = 9C181260220D970A003D30AF /* ReusableCell.swift */; };
		9C181263220D9781003D30AF /* UICollectionView+Extension.swift in Sources */ = {isa = PBXBuildFile; fileRef = 9C181262220D9781003D30AF /* UICollectionView+Extension.swift */; };
		9C181266220D97EB003D30AF /* ColmnFlowLayout.swift in Sources */ = {isa = PBXBuildFile; fileRef = 9C181265220D97EB003D30AF /* ColmnFlowLayout.swift */; };
		9C267F69220EE1690096688B /* BuildParameters.swift in Sources */ = {isa = PBXBuildFile; fileRef = 9C267F61220EE1680096688B /* BuildParameters.swift */; };
		9C267F6A220EE1690096688B /* Build.Delegate.swift in Sources */ = {isa = PBXBuildFile; fileRef = 9C267F62220EE1680096688B /* Build.Delegate.swift */; };
		9C267F6B220EE1690096688B /* Build.swift in Sources */ = {isa = PBXBuildFile; fileRef = 9C267F63220EE1690096688B /* Build.swift */; };
		9C267F6C220EE1690096688B /* Build.DataSource.swift in Sources */ = {isa = PBXBuildFile; fileRef = 9C267F64220EE1690096688B /* Build.DataSource.swift */; };
		9C267F6D220EE1690096688B /* BuildActions.swift in Sources */ = {isa = PBXBuildFile; fileRef = 9C267F65220EE1690096688B /* BuildActions.swift */; };
		9C267F6F220EE1690096688B /* Build.Presenter.swift in Sources */ = {isa = PBXBuildFile; fileRef = 9C267F67220EE1690096688B /* Build.Presenter.swift */; };
		9C267F70220EE1690096688B /* Build.ViewController.swift in Sources */ = {isa = PBXBuildFile; fileRef = 9C267F68220EE1690096688B /* Build.ViewController.swift */; };
		9C4E5B57220ADCF7004B15C1 /* AppDelegate.swift in Sources */ = {isa = PBXBuildFile; fileRef = 9C4E5B56220ADCF7004B15C1 /* AppDelegate.swift */; };
		9C4E5B6C220ADCF8004B15C1 /* BitUncleTests.swift in Sources */ = {isa = PBXBuildFile; fileRef = 9C4E5B6B220ADCF8004B15C1 /* BitUncleTests.swift */; };
		9C4E5B7F220ADEF3004B15C1 /* AppController.swift in Sources */ = {isa = PBXBuildFile; fileRef = 9C4E5B7E220ADEF3004B15C1 /* AppController.swift */; };
		9C4E5B81220ADF55004B15C1 /* Parameters.swift in Sources */ = {isa = PBXBuildFile; fileRef = 9C4E5B80220ADF55004B15C1 /* Parameters.swift */; };
		9C4E5B83220ADF67004B15C1 /* AppData.swift in Sources */ = {isa = PBXBuildFile; fileRef = 9C4E5B82220ADF67004B15C1 /* AppData.swift */; };
		9C4E5B85220ADF98004B15C1 /* Actions.swift in Sources */ = {isa = PBXBuildFile; fileRef = 9C4E5B84220ADF98004B15C1 /* Actions.swift */; };
		9C4E5B87220ADFCE004B15C1 /* Coordinator.swift in Sources */ = {isa = PBXBuildFile; fileRef = 9C4E5B86220ADFCE004B15C1 /* Coordinator.swift */; };
		9C4E5B89220AE1A1004B15C1 /* DataProvider.swift in Sources */ = {isa = PBXBuildFile; fileRef = 9C4E5B88220AE1A1004B15C1 /* DataProvider.swift */; };
		9C4E5B8B220AE1F1004B15C1 /* NetworkManager.swift in Sources */ = {isa = PBXBuildFile; fileRef = 9C4E5B8A220AE1F1004B15C1 /* NetworkManager.swift */; };
		9C4E5B8D220AE24F004B15C1 /* NetworkService.swift in Sources */ = {isa = PBXBuildFile; fileRef = 9C4E5B8C220AE24F004B15C1 /* NetworkService.swift */; };
		9C4E5B8F220AE279004B15C1 /* Typealias.swift in Sources */ = {isa = PBXBuildFile; fileRef = 9C4E5B8E220AE279004B15C1 /* Typealias.swift */; };
		9C5005032210C8770021A5A7 /* CollectionViewControllerModule.swift in Sources */ = {isa = PBXBuildFile; fileRef = 9C5005022210C8770021A5A7 /* CollectionViewControllerModule.swift */; };
		9C7F1ECF2211B4630050DEAB /* LogActions.swift in Sources */ = {isa = PBXBuildFile; fileRef = 9C7F1EC72211B4630050DEAB /* LogActions.swift */; };
		9C7F1ED02211B4630050DEAB /* Log.Presenter.swift in Sources */ = {isa = PBXBuildFile; fileRef = 9C7F1EC82211B4630050DEAB /* Log.Presenter.swift */; };
		9C7F1ED12211B4630050DEAB /* Log.DataSource.swift in Sources */ = {isa = PBXBuildFile; fileRef = 9C7F1EC92211B4630050DEAB /* Log.DataSource.swift */; };
		9C7F1ED32211B4630050DEAB /* Log.ViewController.swift in Sources */ = {isa = PBXBuildFile; fileRef = 9C7F1ECB2211B4630050DEAB /* Log.ViewController.swift */; };
		9C7F1ED42211B4630050DEAB /* LogParameters.swift in Sources */ = {isa = PBXBuildFile; fileRef = 9C7F1ECC2211B4630050DEAB /* LogParameters.swift */; };
		9C7F1ED52211B4630050DEAB /* Log.Delegate.swift in Sources */ = {isa = PBXBuildFile; fileRef = 9C7F1ECD2211B4630050DEAB /* Log.Delegate.swift */; };
		9C7F1ED62211B4630050DEAB /* Log.swift in Sources */ = {isa = PBXBuildFile; fileRef = 9C7F1ECE2211B4630050DEAB /* Log.swift */; };
		9C7F1EE82211B5400050DEAB /* LogViewable.swift in Sources */ = {isa = PBXBuildFile; fileRef = 9C7F1EE72211B5400050DEAB /* LogViewable.swift */; };
		9C7F1EEA2211B5D60050DEAB /* Log.Cell.swift in Sources */ = {isa = PBXBuildFile; fileRef = 9C7F1EE92211B5D60050DEAB /* Log.Cell.swift */; };
		9C7F1EEC2211B6380050DEAB /* Log.DataModel.swift in Sources */ = {isa = PBXBuildFile; fileRef = 9C7F1EEB2211B6380050DEAB /* Log.DataModel.swift */; };
		9C7F1EEE2211B6580050DEAB /* Log.Response.swift in Sources */ = {isa = PBXBuildFile; fileRef = 9C7F1EED2211B6580050DEAB /* Log.Response.swift */; };
		9C7F1EF02211B9310050DEAB /* UITableView+Extension.swift in Sources */ = {isa = PBXBuildFile; fileRef = 9C7F1EEF2211B9310050DEAB /* UITableView+Extension.swift */; };
		9C7F1EFA2211D7A40050DEAB /* ArtifactActions.swift in Sources */ = {isa = PBXBuildFile; fileRef = 9C7F1EF22211D7A40050DEAB /* ArtifactActions.swift */; };
		9C7F1EFB2211D7A40050DEAB /* Artifact.Presenter.swift in Sources */ = {isa = PBXBuildFile; fileRef = 9C7F1EF32211D7A40050DEAB /* Artifact.Presenter.swift */; };
		9C7F1EFC2211D7A40050DEAB /* Artifact.DataSource.swift in Sources */ = {isa = PBXBuildFile; fileRef = 9C7F1EF42211D7A40050DEAB /* Artifact.DataSource.swift */; };
		9C7F1EFE2211D7A40050DEAB /* Artifact.ViewController.swift in Sources */ = {isa = PBXBuildFile; fileRef = 9C7F1EF62211D7A40050DEAB /* Artifact.ViewController.swift */; };
		9C7F1EFF2211D7A40050DEAB /* ArtifactParameters.swift in Sources */ = {isa = PBXBuildFile; fileRef = 9C7F1EF72211D7A40050DEAB /* ArtifactParameters.swift */; };
		9C7F1F002211D7A40050DEAB /* Artifact.Delegate.swift in Sources */ = {isa = PBXBuildFile; fileRef = 9C7F1EF82211D7A40050DEAB /* Artifact.Delegate.swift */; };
		9C7F1F012211D7A40050DEAB /* Artifact.swift in Sources */ = {isa = PBXBuildFile; fileRef = 9C7F1EF92211D7A40050DEAB /* Artifact.swift */; };
		9C7F1F032211D8240050DEAB /* ArtifactViewable.swift in Sources */ = {isa = PBXBuildFile; fileRef = 9C7F1F022211D8240050DEAB /* ArtifactViewable.swift */; };
		9C7F1F052211D8F40050DEAB /* Artifact.Cell.swift in Sources */ = {isa = PBXBuildFile; fileRef = 9C7F1F042211D8F40050DEAB /* Artifact.Cell.swift */; };
		9C7F1F072211D91B0050DEAB /* Artifact.DataModel.swift in Sources */ = {isa = PBXBuildFile; fileRef = 9C7F1F062211D91B0050DEAB /* Artifact.DataModel.swift */; };
		9C7F1F092211D9390050DEAB /* Artifact.Response.swift in Sources */ = {isa = PBXBuildFile; fileRef = 9C7F1F082211D9390050DEAB /* Artifact.Response.swift */; };
		9C85D0F7220C42DB004BEC8A /* EndPoint.swift in Sources */ = {isa = PBXBuildFile; fileRef = 9C85D0F6220C42DB004BEC8A /* EndPoint.swift */; };
		9C85D0F9220C4797004BEC8A /* KeyChain.swift in Sources */ = {isa = PBXBuildFile; fileRef = 9C85D0F8220C4797004BEC8A /* KeyChain.swift */; };
		9C85D101220C4B2E004BEC8A /* Result.swift in Sources */ = {isa = PBXBuildFile; fileRef = 9C85D0FF220C4B2E004BEC8A /* Result.swift */; };
		9C85D102220C4B2E004BEC8A /* ApiError.swift in Sources */ = {isa = PBXBuildFile; fileRef = 9C85D100220C4B2E004BEC8A /* ApiError.swift */; };
		9C85D105220C4C42004BEC8A /* Date+Extension.swift in Sources */ = {isa = PBXBuildFile; fileRef = 9C85D104220C4C42004BEC8A /* Date+Extension.swift */; };
		9C887A13220EE24D00C99C0B /* BuildViewable.swift in Sources */ = {isa = PBXBuildFile; fileRef = 9C887A12220EE24D00C99C0B /* BuildViewable.swift */; };
		9CC53D86220B01B700267849 /* Configuration.swift in Sources */ = {isa = PBXBuildFile; fileRef = 9CC53D85220B01B700267849 /* Configuration.swift */; };
		9CC53D88220B01D400267849 /* Constants.swift in Sources */ = {isa = PBXBuildFile; fileRef = 9CC53D87220B01D400267849 /* Constants.swift */; };
		9CC53D8C220B04CE00267849 /* GoogleService-Info-Debug.plist in Resources */ = {isa = PBXBuildFile; fileRef = 9CC53D89220B04CE00267849 /* GoogleService-Info-Debug.plist */; };
		9CC53D8D220B04CE00267849 /* GoogleService-Info-Stage.plist in Resources */ = {isa = PBXBuildFile; fileRef = 9CC53D8A220B04CE00267849 /* GoogleService-Info-Stage.plist */; };
		9CC53D8E220B04CE00267849 /* GoogleService-Info.plist in Resources */ = {isa = PBXBuildFile; fileRef = 9CC53D8B220B04CE00267849 /* GoogleService-Info.plist */; };
		9CC53D95220B314F00267849 /* SplashActionable.swift in Sources */ = {isa = PBXBuildFile; fileRef = 9CC53D8F220B314F00267849 /* SplashActionable.swift */; };
		9CC53D96220B314F00267849 /* Splash.Presenter.swift in Sources */ = {isa = PBXBuildFile; fileRef = 9CC53D90220B314F00267849 /* Splash.Presenter.swift */; };
		9CC53D98220B314F00267849 /* Splash.ViewController.swift in Sources */ = {isa = PBXBuildFile; fileRef = 9CC53D92220B314F00267849 /* Splash.ViewController.swift */; };
		9CC53D99220B314F00267849 /* SplashParameters.swift in Sources */ = {isa = PBXBuildFile; fileRef = 9CC53D93220B314F00267849 /* SplashParameters.swift */; };
		9CC53D9A220B314F00267849 /* Splash.swift in Sources */ = {isa = PBXBuildFile; fileRef = 9CC53D94220B314F00267849 /* Splash.swift */; };
		9CC53D9C220B31CD00267849 /* SplashView.swift in Sources */ = {isa = PBXBuildFile; fileRef = 9CC53D9B220B31CD00267849 /* SplashView.swift */; };
		9CC53D9F220B350F00267849 /* Wireframeable.swift in Sources */ = {isa = PBXBuildFile; fileRef = 9CC53D9E220B350F00267849 /* Wireframeable.swift */; };
		9CC53DA1220B3DE600267849 /* UIView+Extension.swift in Sources */ = {isa = PBXBuildFile; fileRef = 9CC53DA0220B3DE600267849 /* UIView+Extension.swift */; };
		9CC53DA3220B46A100267849 /* UIColor+Extension.swift in Sources */ = {isa = PBXBuildFile; fileRef = 9CC53DA2220B46A100267849 /* UIColor+Extension.swift */; };
		9CD3DEF5221187CE0029423C /* UIImage+Extension.swift in Sources */ = {isa = PBXBuildFile; fileRef = 9CD3DEF4221187CE0029423C /* UIImage+Extension.swift */; };
/* End PBXBuildFile section */

/* Begin PBXContainerItemProxy section */
		9C4E5B68220ADCF8004B15C1 /* PBXContainerItemProxy */ = {
			isa = PBXContainerItemProxy;
			containerPortal = 9C4E5B4B220ADCF7004B15C1 /* Project object */;
			proxyType = 1;
			remoteGlobalIDString = 9C4E5B52220ADCF7004B15C1;
			remoteInfo = BitUncle;
		};
/* End PBXContainerItemProxy section */

/* Begin PBXFileReference section */
		18279204D9C4622F126259A7 /* Pods-BitUncleTests.stage.xcconfig */ = {isa = PBXFileReference; includeInIndex = 1; lastKnownFileType = text.xcconfig; name = "Pods-BitUncleTests.stage.xcconfig"; path = "Pods/Target Support Files/Pods-BitUncleTests/Pods-BitUncleTests.stage.xcconfig"; sourceTree = "<group>"; };
		35C0CD17F2C95E0A087C4F05 /* Pods-BitUncle.release.xcconfig */ = {isa = PBXFileReference; includeInIndex = 1; lastKnownFileType = text.xcconfig; name = "Pods-BitUncle.release.xcconfig"; path = "Pods/Target Support Files/Pods-BitUncle/Pods-BitUncle.release.xcconfig"; sourceTree = "<group>"; };
		923D21718396DEB669B9F0AA /* Pods_BitUncle.framework */ = {isa = PBXFileReference; explicitFileType = wrapper.framework; includeInIndex = 0; path = Pods_BitUncle.framework; sourceTree = BUILT_PRODUCTS_DIR; };
		9C0288F7220C544800AD82A7 /* Localizable.strings */ = {isa = PBXFileReference; fileEncoding = 4; lastKnownFileType = text.plist.strings; path = Localizable.strings; sourceTree = "<group>"; };
		9C0288F8220C544800AD82A7 /* Base.lproj */ = {isa = PBXFileReference; lastKnownFileType = folder; path = Base.lproj; sourceTree = "<group>"; };
		9C0288F9220C544800AD82A7 /* Assets.xcassets */ = {isa = PBXFileReference; lastKnownFileType = folder.assetcatalog; path = Assets.xcassets; sourceTree = "<group>"; };
		9C0288FA220C544800AD82A7 /* RemoteConfig.plist */ = {isa = PBXFileReference; fileEncoding = 4; lastKnownFileType = text.plist.xml; path = RemoteConfig.plist; sourceTree = "<group>"; };
		9C0288FB220C544800AD82A7 /* String+Translations.swift */ = {isa = PBXFileReference; fileEncoding = 4; lastKnownFileType = sourcecode.swift; path = "String+Translations.swift"; sourceTree = "<group>"; };
		9C028903220C58CC00AD82A7 /* Profile.DataModel.swift */ = {isa = PBXFileReference; lastKnownFileType = sourcecode.swift; path = Profile.DataModel.swift; sourceTree = "<group>"; };
		9C028906220C59BF00AD82A7 /* ProfileActions.swift */ = {isa = PBXFileReference; lastKnownFileType = sourcecode.swift; path = ProfileActions.swift; sourceTree = "<group>"; };
		9C028907220C59BF00AD82A7 /* Profile.Presenter.swift */ = {isa = PBXFileReference; lastKnownFileType = sourcecode.swift; path = Profile.Presenter.swift; sourceTree = "<group>"; };
		9C028909220C59BF00AD82A7 /* Profile.ViewController.swift */ = {isa = PBXFileReference; lastKnownFileType = sourcecode.swift; path = Profile.ViewController.swift; sourceTree = "<group>"; };
		9C02890A220C59BF00AD82A7 /* ProfileParameters.swift */ = {isa = PBXFileReference; lastKnownFileType = sourcecode.swift; path = ProfileParameters.swift; sourceTree = "<group>"; };
		9C02890B220C59BF00AD82A7 /* Profile.swift */ = {isa = PBXFileReference; lastKnownFileType = sourcecode.swift; path = Profile.swift; sourceTree = "<group>"; };
		9C028912220C5A3800AD82A7 /* ProfileViewable.swift */ = {isa = PBXFileReference; lastKnownFileType = sourcecode.swift; path = ProfileViewable.swift; sourceTree = "<group>"; };
		9C028915220C5B9C00AD82A7 /* Profile.Response.swift */ = {isa = PBXFileReference; lastKnownFileType = sourcecode.swift; path = Profile.Response.swift; sourceTree = "<group>"; };
		9C028917220C5C7700AD82A7 /* UINavigationController+Extension.swift */ = {isa = PBXFileReference; lastKnownFileType = sourcecode.swift; path = "UINavigationController+Extension.swift"; sourceTree = "<group>"; };
		9C02891B220C60BA00AD82A7 /* ErrorActionable.swift */ = {isa = PBXFileReference; lastKnownFileType = sourcecode.swift; path = ErrorActionable.swift; sourceTree = "<group>"; };
		9C03851C2214393C005D62DF /* Profile.DataSource.swift */ = {isa = PBXFileReference; lastKnownFileType = sourcecode.swift; path = Profile.DataSource.swift; sourceTree = "<group>"; };
		9C03851E22145EE3005D62DF /* Profile.Delegate.swift */ = {isa = PBXFileReference; lastKnownFileType = sourcecode.swift; path = Profile.Delegate.swift; sourceTree = "<group>"; };
		9C066E06221028FE009AE5FC /* Build.Response.swift */ = {isa = PBXFileReference; lastKnownFileType = sourcecode.swift; path = Build.Response.swift; sourceTree = "<group>"; };
		9C066E082210290B009AE5FC /* Build.DataModel.swift */ = {isa = PBXFileReference; lastKnownFileType = sourcecode.swift; path = Build.DataModel.swift; sourceTree = "<group>"; };
		9C066E0A22102C11009AE5FC /* Build.Cell.swift */ = {isa = PBXFileReference; lastKnownFileType = sourcecode.swift; path = Build.Cell.swift; sourceTree = "<group>"; };
		9C181246220D9095003D30AF /* AppActions.swift */ = {isa = PBXFileReference; lastKnownFileType = sourcecode.swift; path = AppActions.swift; sourceTree = "<group>"; };
		9C181247220D9095003D30AF /* App.Presenter.swift */ = {isa = PBXFileReference; lastKnownFileType = sourcecode.swift; path = App.Presenter.swift; sourceTree = "<group>"; };
		9C181248220D9095003D30AF /* App.DataSource.swift */ = {isa = PBXFileReference; lastKnownFileType = sourcecode.swift; path = App.DataSource.swift; sourceTree = "<group>"; };
		9C18124A220D9095003D30AF /* App.ViewController.swift */ = {isa = PBXFileReference; lastKnownFileType = sourcecode.swift; path = App.ViewController.swift; sourceTree = "<group>"; };
		9C18124B220D9095003D30AF /* AppParameters.swift */ = {isa = PBXFileReference; lastKnownFileType = sourcecode.swift; path = AppParameters.swift; sourceTree = "<group>"; };
		9C18124C220D9095003D30AF /* App.Delegate.swift */ = {isa = PBXFileReference; lastKnownFileType = sourcecode.swift; path = App.Delegate.swift; sourceTree = "<group>"; };
		9C18124D220D9095003D30AF /* App.swift */ = {isa = PBXFileReference; lastKnownFileType = sourcecode.swift; path = App.swift; sourceTree = "<group>"; };
		9C181256220D90F3003D30AF /* AppViewable.swift */ = {isa = PBXFileReference; lastKnownFileType = sourcecode.swift; path = AppViewable.swift; sourceTree = "<group>"; };
		9C181258220D923A003D30AF /* App.Cell.swift */ = {isa = PBXFileReference; lastKnownFileType = sourcecode.swift; path = App.Cell.swift; sourceTree = "<group>"; };
		9C18125A220D92DC003D30AF /* App.Response.swift */ = {isa = PBXFileReference; lastKnownFileType = sourcecode.swift; path = App.Response.swift; sourceTree = "<group>"; };
		9C18125C220D9302003D30AF /* App.DataModel.swift */ = {isa = PBXFileReference; lastKnownFileType = sourcecode.swift; path = App.DataModel.swift; sourceTree = "<group>"; };
		9C18125E220D939C003D30AF /* Paging.swift */ = {isa = PBXFileReference; lastKnownFileType = sourcecode.swift; path = Paging.swift; sourceTree = "<group>"; };
		9C181260220D970A003D30AF /* ReusableCell.swift */ = {isa = PBXFileReference; lastKnownFileType = sourcecode.swift; path = ReusableCell.swift; sourceTree = "<group>"; };
		9C181262220D9781003D30AF /* UICollectionView+Extension.swift */ = {isa = PBXFileReference; lastKnownFileType = sourcecode.swift; path = "UICollectionView+Extension.swift"; sourceTree = "<group>"; };
		9C181265220D97EB003D30AF /* ColmnFlowLayout.swift */ = {isa = PBXFileReference; lastKnownFileType = sourcecode.swift; path = ColmnFlowLayout.swift; sourceTree = "<group>"; };
		9C267F61220EE1680096688B /* BuildParameters.swift */ = {isa = PBXFileReference; fileEncoding = 4; lastKnownFileType = sourcecode.swift; path = BuildParameters.swift; sourceTree = "<group>"; };
		9C267F62220EE1680096688B /* Build.Delegate.swift */ = {isa = PBXFileReference; fileEncoding = 4; lastKnownFileType = sourcecode.swift; path = Build.Delegate.swift; sourceTree = "<group>"; };
		9C267F63220EE1690096688B /* Build.swift */ = {isa = PBXFileReference; fileEncoding = 4; lastKnownFileType = sourcecode.swift; path = Build.swift; sourceTree = "<group>"; };
		9C267F64220EE1690096688B /* Build.DataSource.swift */ = {isa = PBXFileReference; fileEncoding = 4; lastKnownFileType = sourcecode.swift; path = Build.DataSource.swift; sourceTree = "<group>"; };
		9C267F65220EE1690096688B /* BuildActions.swift */ = {isa = PBXFileReference; fileEncoding = 4; lastKnownFileType = sourcecode.swift; path = BuildActions.swift; sourceTree = "<group>"; };
		9C267F67220EE1690096688B /* Build.Presenter.swift */ = {isa = PBXFileReference; fileEncoding = 4; lastKnownFileType = sourcecode.swift; path = Build.Presenter.swift; sourceTree = "<group>"; };
		9C267F68220EE1690096688B /* Build.ViewController.swift */ = {isa = PBXFileReference; fileEncoding = 4; lastKnownFileType = sourcecode.swift; path = Build.ViewController.swift; sourceTree = "<group>"; };
		9C4E5B53220ADCF7004B15C1 /* BitUncle debug.app */ = {isa = PBXFileReference; explicitFileType = wrapper.application; includeInIndex = 0; path = "BitUncle debug.app"; sourceTree = BUILT_PRODUCTS_DIR; };
		9C4E5B56220ADCF7004B15C1 /* AppDelegate.swift */ = {isa = PBXFileReference; lastKnownFileType = sourcecode.swift; path = AppDelegate.swift; sourceTree = "<group>"; };
		9C4E5B62220ADCF8004B15C1 /* Info.plist */ = {isa = PBXFileReference; lastKnownFileType = text.plist.xml; path = Info.plist; sourceTree = "<group>"; };
		9C4E5B67220ADCF8004B15C1 /* BitUncleTests.xctest */ = {isa = PBXFileReference; explicitFileType = wrapper.cfbundle; includeInIndex = 0; path = BitUncleTests.xctest; sourceTree = BUILT_PRODUCTS_DIR; };
		9C4E5B6B220ADCF8004B15C1 /* BitUncleTests.swift */ = {isa = PBXFileReference; lastKnownFileType = sourcecode.swift; path = BitUncleTests.swift; sourceTree = "<group>"; };
		9C4E5B6D220ADCF8004B15C1 /* Info.plist */ = {isa = PBXFileReference; lastKnownFileType = text.plist.xml; path = Info.plist; sourceTree = "<group>"; };
		9C4E5B7E220ADEF3004B15C1 /* AppController.swift */ = {isa = PBXFileReference; lastKnownFileType = sourcecode.swift; path = AppController.swift; sourceTree = "<group>"; };
		9C4E5B80220ADF55004B15C1 /* Parameters.swift */ = {isa = PBXFileReference; lastKnownFileType = sourcecode.swift; path = Parameters.swift; sourceTree = "<group>"; };
		9C4E5B82220ADF67004B15C1 /* AppData.swift */ = {isa = PBXFileReference; lastKnownFileType = sourcecode.swift; path = AppData.swift; sourceTree = "<group>"; };
		9C4E5B84220ADF98004B15C1 /* Actions.swift */ = {isa = PBXFileReference; lastKnownFileType = sourcecode.swift; path = Actions.swift; sourceTree = "<group>"; };
		9C4E5B86220ADFCE004B15C1 /* Coordinator.swift */ = {isa = PBXFileReference; lastKnownFileType = sourcecode.swift; path = Coordinator.swift; sourceTree = "<group>"; };
		9C4E5B88220AE1A1004B15C1 /* DataProvider.swift */ = {isa = PBXFileReference; lastKnownFileType = sourcecode.swift; path = DataProvider.swift; sourceTree = "<group>"; };
		9C4E5B8A220AE1F1004B15C1 /* NetworkManager.swift */ = {isa = PBXFileReference; lastKnownFileType = sourcecode.swift; path = NetworkManager.swift; sourceTree = "<group>"; };
		9C4E5B8C220AE24F004B15C1 /* NetworkService.swift */ = {isa = PBXFileReference; lastKnownFileType = sourcecode.swift; path = NetworkService.swift; sourceTree = "<group>"; };
		9C4E5B8E220AE279004B15C1 /* Typealias.swift */ = {isa = PBXFileReference; lastKnownFileType = sourcecode.swift; path = Typealias.swift; sourceTree = "<group>"; };
		9C4E5B91220AEB21004B15C1 /* Debug.xcconfig */ = {isa = PBXFileReference; lastKnownFileType = text.xcconfig; path = Debug.xcconfig; sourceTree = "<group>"; };
		9C4E5B92220AEB31004B15C1 /* Release.xcconfig */ = {isa = PBXFileReference; lastKnownFileType = text.xcconfig; path = Release.xcconfig; sourceTree = "<group>"; };
		9C4E5B93220AEB3E004B15C1 /* Stage.xcconfig */ = {isa = PBXFileReference; lastKnownFileType = text.xcconfig; path = Stage.xcconfig; sourceTree = "<group>"; };
		9C5005022210C8770021A5A7 /* CollectionViewControllerModule.swift */ = {isa = PBXFileReference; lastKnownFileType = sourcecode.swift; path = CollectionViewControllerModule.swift; sourceTree = "<group>"; };
		9C7F1EC72211B4630050DEAB /* LogActions.swift */ = {isa = PBXFileReference; lastKnownFileType = sourcecode.swift; name = LogActions.swift; path = BitUncle/Modules/Log/LogActions.swift; sourceTree = SOURCE_ROOT; };
		9C7F1EC82211B4630050DEAB /* Log.Presenter.swift */ = {isa = PBXFileReference; lastKnownFileType = sourcecode.swift; name = Log.Presenter.swift; path = BitUncle/Modules/Log/Log.Presenter.swift; sourceTree = SOURCE_ROOT; };
		9C7F1EC92211B4630050DEAB /* Log.DataSource.swift */ = {isa = PBXFileReference; lastKnownFileType = sourcecode.swift; name = Log.DataSource.swift; path = BitUncle/Modules/Log/Log.DataSource.swift; sourceTree = SOURCE_ROOT; };
		9C7F1ECB2211B4630050DEAB /* Log.ViewController.swift */ = {isa = PBXFileReference; lastKnownFileType = sourcecode.swift; name = Log.ViewController.swift; path = BitUncle/Modules/Log/Log.ViewController.swift; sourceTree = SOURCE_ROOT; };
		9C7F1ECC2211B4630050DEAB /* LogParameters.swift */ = {isa = PBXFileReference; lastKnownFileType = sourcecode.swift; name = LogParameters.swift; path = BitUncle/Modules/Log/LogParameters.swift; sourceTree = SOURCE_ROOT; };
		9C7F1ECD2211B4630050DEAB /* Log.Delegate.swift */ = {isa = PBXFileReference; lastKnownFileType = sourcecode.swift; name = Log.Delegate.swift; path = BitUncle/Modules/Log/Log.Delegate.swift; sourceTree = SOURCE_ROOT; };
		9C7F1ECE2211B4630050DEAB /* Log.swift */ = {isa = PBXFileReference; lastKnownFileType = sourcecode.swift; name = Log.swift; path = BitUncle/Modules/Log/Log.swift; sourceTree = SOURCE_ROOT; };
		9C7F1EE72211B5400050DEAB /* LogViewable.swift */ = {isa = PBXFileReference; lastKnownFileType = sourcecode.swift; path = LogViewable.swift; sourceTree = "<group>"; };
		9C7F1EE92211B5D60050DEAB /* Log.Cell.swift */ = {isa = PBXFileReference; lastKnownFileType = sourcecode.swift; path = Log.Cell.swift; sourceTree = "<group>"; };
		9C7F1EEB2211B6380050DEAB /* Log.DataModel.swift */ = {isa = PBXFileReference; lastKnownFileType = sourcecode.swift; path = Log.DataModel.swift; sourceTree = "<group>"; };
		9C7F1EED2211B6580050DEAB /* Log.Response.swift */ = {isa = PBXFileReference; lastKnownFileType = sourcecode.swift; path = Log.Response.swift; sourceTree = "<group>"; };
		9C7F1EEF2211B9310050DEAB /* UITableView+Extension.swift */ = {isa = PBXFileReference; lastKnownFileType = sourcecode.swift; path = "UITableView+Extension.swift"; sourceTree = "<group>"; };
		9C7F1EF22211D7A40050DEAB /* ArtifactActions.swift */ = {isa = PBXFileReference; lastKnownFileType = sourcecode.swift; path = ArtifactActions.swift; sourceTree = "<group>"; };
		9C7F1EF32211D7A40050DEAB /* Artifact.Presenter.swift */ = {isa = PBXFileReference; lastKnownFileType = sourcecode.swift; path = Artifact.Presenter.swift; sourceTree = "<group>"; };
		9C7F1EF42211D7A40050DEAB /* Artifact.DataSource.swift */ = {isa = PBXFileReference; lastKnownFileType = sourcecode.swift; path = Artifact.DataSource.swift; sourceTree = "<group>"; };
		9C7F1EF62211D7A40050DEAB /* Artifact.ViewController.swift */ = {isa = PBXFileReference; lastKnownFileType = sourcecode.swift; path = Artifact.ViewController.swift; sourceTree = "<group>"; };
		9C7F1EF72211D7A40050DEAB /* ArtifactParameters.swift */ = {isa = PBXFileReference; lastKnownFileType = sourcecode.swift; path = ArtifactParameters.swift; sourceTree = "<group>"; };
		9C7F1EF82211D7A40050DEAB /* Artifact.Delegate.swift */ = {isa = PBXFileReference; lastKnownFileType = sourcecode.swift; path = Artifact.Delegate.swift; sourceTree = "<group>"; };
		9C7F1EF92211D7A40050DEAB /* Artifact.swift */ = {isa = PBXFileReference; lastKnownFileType = sourcecode.swift; path = Artifact.swift; sourceTree = "<group>"; };
		9C7F1F022211D8240050DEAB /* ArtifactViewable.swift */ = {isa = PBXFileReference; lastKnownFileType = sourcecode.swift; path = ArtifactViewable.swift; sourceTree = "<group>"; };
		9C7F1F042211D8F40050DEAB /* Artifact.Cell.swift */ = {isa = PBXFileReference; lastKnownFileType = sourcecode.swift; path = Artifact.Cell.swift; sourceTree = "<group>"; };
		9C7F1F062211D91B0050DEAB /* Artifact.DataModel.swift */ = {isa = PBXFileReference; lastKnownFileType = sourcecode.swift; path = Artifact.DataModel.swift; sourceTree = "<group>"; };
		9C7F1F082211D9390050DEAB /* Artifact.Response.swift */ = {isa = PBXFileReference; lastKnownFileType = sourcecode.swift; path = Artifact.Response.swift; sourceTree = "<group>"; };
		9C85D0F6220C42DB004BEC8A /* EndPoint.swift */ = {isa = PBXFileReference; lastKnownFileType = sourcecode.swift; path = EndPoint.swift; sourceTree = "<group>"; };
		9C85D0F8220C4797004BEC8A /* KeyChain.swift */ = {isa = PBXFileReference; lastKnownFileType = sourcecode.swift; path = KeyChain.swift; sourceTree = "<group>"; };
		9C85D0FF220C4B2E004BEC8A /* Result.swift */ = {isa = PBXFileReference; fileEncoding = 4; lastKnownFileType = sourcecode.swift; path = Result.swift; sourceTree = "<group>"; };
		9C85D100220C4B2E004BEC8A /* ApiError.swift */ = {isa = PBXFileReference; fileEncoding = 4; lastKnownFileType = sourcecode.swift; path = ApiError.swift; sourceTree = "<group>"; };
		9C85D104220C4C42004BEC8A /* Date+Extension.swift */ = {isa = PBXFileReference; lastKnownFileType = sourcecode.swift; path = "Date+Extension.swift"; sourceTree = "<group>"; };
		9C887A12220EE24D00C99C0B /* BuildViewable.swift */ = {isa = PBXFileReference; lastKnownFileType = sourcecode.swift; path = BuildViewable.swift; sourceTree = "<group>"; };
		9CC53D85220B01B700267849 /* Configuration.swift */ = {isa = PBXFileReference; lastKnownFileType = sourcecode.swift; path = Configuration.swift; sourceTree = "<group>"; };
		9CC53D87220B01D400267849 /* Constants.swift */ = {isa = PBXFileReference; lastKnownFileType = sourcecode.swift; path = Constants.swift; sourceTree = "<group>"; };
		9CC53D89220B04CE00267849 /* GoogleService-Info-Debug.plist */ = {isa = PBXFileReference; fileEncoding = 4; lastKnownFileType = text.plist.xml; path = "GoogleService-Info-Debug.plist"; sourceTree = "<group>"; };
		9CC53D8A220B04CE00267849 /* GoogleService-Info-Stage.plist */ = {isa = PBXFileReference; fileEncoding = 4; lastKnownFileType = text.plist.xml; path = "GoogleService-Info-Stage.plist"; sourceTree = "<group>"; };
		9CC53D8B220B04CE00267849 /* GoogleService-Info.plist */ = {isa = PBXFileReference; fileEncoding = 4; lastKnownFileType = text.plist.xml; path = "GoogleService-Info.plist"; sourceTree = "<group>"; };
		9CC53D8F220B314F00267849 /* SplashActionable.swift */ = {isa = PBXFileReference; lastKnownFileType = sourcecode.swift; path = SplashActionable.swift; sourceTree = "<group>"; };
		9CC53D90220B314F00267849 /* Splash.Presenter.swift */ = {isa = PBXFileReference; lastKnownFileType = sourcecode.swift; path = Splash.Presenter.swift; sourceTree = "<group>"; };
		9CC53D92220B314F00267849 /* Splash.ViewController.swift */ = {isa = PBXFileReference; lastKnownFileType = sourcecode.swift; path = Splash.ViewController.swift; sourceTree = "<group>"; };
		9CC53D93220B314F00267849 /* SplashParameters.swift */ = {isa = PBXFileReference; lastKnownFileType = sourcecode.swift; path = SplashParameters.swift; sourceTree = "<group>"; };
		9CC53D94220B314F00267849 /* Splash.swift */ = {isa = PBXFileReference; lastKnownFileType = sourcecode.swift; path = Splash.swift; sourceTree = "<group>"; };
		9CC53D9B220B31CD00267849 /* SplashView.swift */ = {isa = PBXFileReference; lastKnownFileType = sourcecode.swift; path = SplashView.swift; sourceTree = "<group>"; };
		9CC53D9E220B350F00267849 /* Wireframeable.swift */ = {isa = PBXFileReference; lastKnownFileType = sourcecode.swift; path = Wireframeable.swift; sourceTree = "<group>"; };
		9CC53DA0220B3DE600267849 /* UIView+Extension.swift */ = {isa = PBXFileReference; lastKnownFileType = sourcecode.swift; path = "UIView+Extension.swift"; sourceTree = "<group>"; };
		9CC53DA2220B46A100267849 /* UIColor+Extension.swift */ = {isa = PBXFileReference; lastKnownFileType = sourcecode.swift; path = "UIColor+Extension.swift"; sourceTree = "<group>"; };
		9CD3DEF4221187CE0029423C /* UIImage+Extension.swift */ = {isa = PBXFileReference; lastKnownFileType = sourcecode.swift; path = "UIImage+Extension.swift"; sourceTree = "<group>"; };
		A334922A936BD5D8A58D12F1 /* Pods-BitUncleTests.debug.xcconfig */ = {isa = PBXFileReference; includeInIndex = 1; lastKnownFileType = text.xcconfig; name = "Pods-BitUncleTests.debug.xcconfig"; path = "Pods/Target Support Files/Pods-BitUncleTests/Pods-BitUncleTests.debug.xcconfig"; sourceTree = "<group>"; };
		BD71B5F977EB659A7D4B7A72 /* Pods_BitUncleTests.framework */ = {isa = PBXFileReference; explicitFileType = wrapper.framework; includeInIndex = 0; path = Pods_BitUncleTests.framework; sourceTree = BUILT_PRODUCTS_DIR; };
		C45E168ADF85D538921B9E40 /* Pods-BitUncleTests.release.xcconfig */ = {isa = PBXFileReference; includeInIndex = 1; lastKnownFileType = text.xcconfig; name = "Pods-BitUncleTests.release.xcconfig"; path = "Pods/Target Support Files/Pods-BitUncleTests/Pods-BitUncleTests.release.xcconfig"; sourceTree = "<group>"; };
		E0E9919CF96B6AA9D102818A /* Pods-BitUncle.debug.xcconfig */ = {isa = PBXFileReference; includeInIndex = 1; lastKnownFileType = text.xcconfig; name = "Pods-BitUncle.debug.xcconfig"; path = "Pods/Target Support Files/Pods-BitUncle/Pods-BitUncle.debug.xcconfig"; sourceTree = "<group>"; };
/* End PBXFileReference section */

/* Begin PBXFrameworksBuildPhase section */
		9C4E5B50220ADCF7004B15C1 /* Frameworks */ = {
			isa = PBXFrameworksBuildPhase;
			buildActionMask = 2147483647;
			files = (
				9BE2CDDD520A94CD807EDD1F /* Pods_BitUncle.framework in Frameworks */,
			);
			runOnlyForDeploymentPostprocessing = 0;
		};
		9C4E5B64220ADCF8004B15C1 /* Frameworks */ = {
			isa = PBXFrameworksBuildPhase;
			buildActionMask = 2147483647;
			files = (
				67AC350B9145F46F1651CB84 /* Pods_BitUncleTests.framework in Frameworks */,
			);
			runOnlyForDeploymentPostprocessing = 0;
		};
/* End PBXFrameworksBuildPhase section */

/* Begin PBXGroup section */
		1BA662DF9109DDD975D3F065 /* Frameworks */ = {
			isa = PBXGroup;
			children = (
				923D21718396DEB669B9F0AA /* Pods_BitUncle.framework */,
				BD71B5F977EB659A7D4B7A72 /* Pods_BitUncleTests.framework */,
			);
			name = Frameworks;
			sourceTree = "<group>";
		};
		5BD275C48605AD8E63B95903 /* Pods */ = {
			isa = PBXGroup;
			children = (
				E0E9919CF96B6AA9D102818A /* Pods-BitUncle.debug.xcconfig */,
				35C0CD17F2C95E0A087C4F05 /* Pods-BitUncle.release.xcconfig */,
				A334922A936BD5D8A58D12F1 /* Pods-BitUncleTests.debug.xcconfig */,
				C45E168ADF85D538921B9E40 /* Pods-BitUncleTests.release.xcconfig */,
				18279204D9C4622F126259A7 /* Pods-BitUncleTests.stage.xcconfig */,
			);
			name = Pods;
			sourceTree = "<group>";
		};
		9C028901220C56D900AD82A7 /* Views */ = {
			isa = PBXGroup;
			children = (
			);
			path = Views;
			sourceTree = "<group>";
		};
		9C028902220C588000AD82A7 /* DataModels */ = {
			isa = PBXGroup;
			children = (
				9C028903220C58CC00AD82A7 /* Profile.DataModel.swift */,
				9C18125C220D9302003D30AF /* App.DataModel.swift */,
				9C066E082210290B009AE5FC /* Build.DataModel.swift */,
				9C7F1EEB2211B6380050DEAB /* Log.DataModel.swift */,
				9C7F1F062211D91B0050DEAB /* Artifact.DataModel.swift */,
			);
			path = DataModels;
			sourceTree = "<group>";
		};
		9C028905220C590700AD82A7 /* Profile */ = {
			isa = PBXGroup;
			children = (
				9C02890B220C59BF00AD82A7 /* Profile.swift */,
				9C028907220C59BF00AD82A7 /* Profile.Presenter.swift */,
				9C028909220C59BF00AD82A7 /* Profile.ViewController.swift */,
				9C03851C2214393C005D62DF /* Profile.DataSource.swift */,
				9C03851E22145EE3005D62DF /* Profile.Delegate.swift */,
				9C028906220C59BF00AD82A7 /* ProfileActions.swift */,
				9C02890A220C59BF00AD82A7 /* ProfileParameters.swift */,
				9C028912220C5A3800AD82A7 /* ProfileViewable.swift */,
			);
			path = Profile;
			sourceTree = "<group>";
		};
		9C028914220C5B8700AD82A7 /* Responses */ = {
			isa = PBXGroup;
			children = (
				9C028915220C5B9C00AD82A7 /* Profile.Response.swift */,
				9C18125A220D92DC003D30AF /* App.Response.swift */,
				9C18125E220D939C003D30AF /* Paging.swift */,
				9C066E06221028FE009AE5FC /* Build.Response.swift */,
				9C7F1EED2211B6580050DEAB /* Log.Response.swift */,
				9C7F1F082211D9390050DEAB /* Artifact.Response.swift */,
			);
			path = Responses;
			sourceTree = "<group>";
		};
		9C181245220D906F003D30AF /* App */ = {
			isa = PBXGroup;
			children = (
				9C18124D220D9095003D30AF /* App.swift */,
				9C18124A220D9095003D30AF /* App.ViewController.swift */,
				9C181247220D9095003D30AF /* App.Presenter.swift */,
				9C181258220D923A003D30AF /* App.Cell.swift */,
				9C181256220D90F3003D30AF /* AppViewable.swift */,
				9C181246220D9095003D30AF /* AppActions.swift */,
				9C18124B220D9095003D30AF /* AppParameters.swift */,
				9C181248220D9095003D30AF /* App.DataSource.swift */,
				9C18124C220D9095003D30AF /* App.Delegate.swift */,
			);
			path = App;
			sourceTree = "<group>";
		};
		9C181264220D97D8003D30AF /* CustomClasses */ = {
			isa = PBXGroup;
			children = (
				9C181265220D97EB003D30AF /* ColmnFlowLayout.swift */,
			);
			path = CustomClasses;
			sourceTree = "<group>";
		};
		9C4E5B4A220ADCF7004B15C1 = {
			isa = PBXGroup;
			children = (
				9C4E5B55220ADCF7004B15C1 /* BitUncle */,
				9C4E5B6A220ADCF8004B15C1 /* BitUncleTests */,
				9C4E5B54220ADCF7004B15C1 /* Products */,
				5BD275C48605AD8E63B95903 /* Pods */,
				1BA662DF9109DDD975D3F065 /* Frameworks */,
			);
			sourceTree = "<group>";
		};
		9C4E5B54220ADCF7004B15C1 /* Products */ = {
			isa = PBXGroup;
			children = (
				9C4E5B53220ADCF7004B15C1 /* BitUncle debug.app */,
				9C4E5B67220ADCF8004B15C1 /* BitUncleTests.xctest */,
			);
			name = Products;
			sourceTree = "<group>";
		};
		9C4E5B55220ADCF7004B15C1 /* BitUncle */ = {
			isa = PBXGroup;
			children = (
				9C4E5B76220ADE40004B15C1 /* Architecture */,
				9C85D0FE220C4AFC004BEC8A /* Model */,
				9C4E5B7C220ADE9F004B15C1 /* Modules */,
				9C4E5B7B220ADE8F004B15C1 /* Services */,
				9C4E5B77220ADE4F004B15C1 /* Supporting Files */,
				9C4E5B79220ADE6E004B15C1 /* Utililties */,
				9C028901220C56D900AD82A7 /* Views */,
			);
			path = BitUncle;
			sourceTree = "<group>";
		};
		9C4E5B6A220ADCF8004B15C1 /* BitUncleTests */ = {
			isa = PBXGroup;
			children = (
				9C4E5B6B220ADCF8004B15C1 /* BitUncleTests.swift */,
				9C4E5B6D220ADCF8004B15C1 /* Info.plist */,
			);
			path = BitUncleTests;
			sourceTree = "<group>";
		};
		9C4E5B76220ADE40004B15C1 /* Architecture */ = {
			isa = PBXGroup;
			children = (
				9C4E5B84220ADF98004B15C1 /* Actions.swift */,
				9C4E5B7E220ADEF3004B15C1 /* AppController.swift */,
				9C4E5B82220ADF67004B15C1 /* AppData.swift */,
				9C4E5B56220ADCF7004B15C1 /* AppDelegate.swift */,
				9CC53D85220B01B700267849 /* Configuration.swift */,
				9CC53D87220B01D400267849 /* Constants.swift */,
				9C4E5B86220ADFCE004B15C1 /* Coordinator.swift */,
				9C4E5B80220ADF55004B15C1 /* Parameters.swift */,
				9C4E5B8E220AE279004B15C1 /* Typealias.swift */,
			);
			path = Architecture;
			sourceTree = "<group>";
		};
		9C4E5B77220ADE4F004B15C1 /* Supporting Files */ = {
			isa = PBXGroup;
			children = (
				9C4E5B62220ADCF8004B15C1 /* Info.plist */,
				9C4E5B90220AE50A004B15C1 /* Ressources */,
				9C4E5B91220AEB21004B15C1 /* Debug.xcconfig */,
				9C4E5B92220AEB31004B15C1 /* Release.xcconfig */,
				9C4E5B93220AEB3E004B15C1 /* Stage.xcconfig */,
				9CC53D89220B04CE00267849 /* GoogleService-Info-Debug.plist */,
				9CC53D8A220B04CE00267849 /* GoogleService-Info-Stage.plist */,
				9CC53D8B220B04CE00267849 /* GoogleService-Info.plist */,
			);
			path = "Supporting Files";
			sourceTree = "<group>";
		};
		9C4E5B79220ADE6E004B15C1 /* Utililties */ = {
			isa = PBXGroup;
			children = (
				9C181264220D97D8003D30AF /* CustomClasses */,
				9CC53D9D220B34ED00267849 /* Protocols */,
				9C4E5B7A220ADE84004B15C1 /* Extensions */,
			);
			path = Utililties;
			sourceTree = "<group>";
		};
		9C4E5B7A220ADE84004B15C1 /* Extensions */ = {
			isa = PBXGroup;
			children = (
				9CC53DA0220B3DE600267849 /* UIView+Extension.swift */,
				9CC53DA2220B46A100267849 /* UIColor+Extension.swift */,
				9C85D104220C4C42004BEC8A /* Date+Extension.swift */,
				9C028917220C5C7700AD82A7 /* UINavigationController+Extension.swift */,
				9C181262220D9781003D30AF /* UICollectionView+Extension.swift */,
				9CD3DEF4221187CE0029423C /* UIImage+Extension.swift */,
				9C7F1EEF2211B9310050DEAB /* UITableView+Extension.swift */,
			);
			path = Extensions;
			sourceTree = "<group>";
		};
		9C4E5B7B220ADE8F004B15C1 /* Services */ = {
			isa = PBXGroup;
			children = (
				9C4E5B88220AE1A1004B15C1 /* DataProvider.swift */,
				9C4E5B8A220AE1F1004B15C1 /* NetworkManager.swift */,
				9C4E5B8C220AE24F004B15C1 /* NetworkService.swift */,
				9C85D0F6220C42DB004BEC8A /* EndPoint.swift */,
				9C85D0F8220C4797004BEC8A /* KeyChain.swift */,
			);
			path = Services;
			sourceTree = "<group>";
		};
		9C4E5B7C220ADE9F004B15C1 /* Modules */ = {
			isa = PBXGroup;
			children = (
				9CC53DA4220B896B00267849 /* Splash */,
				9C028905220C590700AD82A7 /* Profile */,
				9C181245220D906F003D30AF /* App */,
				9CBC5B7E220EE03A00A5D9F3 /* Build */,
				9C7F1EC62211B4460050DEAB /* Log */,
				9C7F1EF12211D7840050DEAB /* Artifact */,
			);
			path = Modules;
			sourceTree = "<group>";
		};
		9C4E5B90220AE50A004B15C1 /* Ressources */ = {
			isa = PBXGroup;
			children = (
				9C0288F9220C544800AD82A7 /* Assets.xcassets */,
				9C0288F8220C544800AD82A7 /* Base.lproj */,
				9C0288F7220C544800AD82A7 /* Localizable.strings */,
				9C0288FA220C544800AD82A7 /* RemoteConfig.plist */,
				9C0288FB220C544800AD82A7 /* String+Translations.swift */,
			);
			path = Ressources;
			sourceTree = "<group>";
		};
		9C7F1EC62211B4460050DEAB /* Log */ = {
			isa = PBXGroup;
			children = (
				9C7F1ECE2211B4630050DEAB /* Log.swift */,
				9C7F1EC72211B4630050DEAB /* LogActions.swift */,
				9C7F1ECC2211B4630050DEAB /* LogParameters.swift */,
				9C7F1EE72211B5400050DEAB /* LogViewable.swift */,
				9C7F1ECB2211B4630050DEAB /* Log.ViewController.swift */,
				9C7F1EE92211B5D60050DEAB /* Log.Cell.swift */,
				9C7F1EC82211B4630050DEAB /* Log.Presenter.swift */,
				9C7F1EC92211B4630050DEAB /* Log.DataSource.swift */,
				9C7F1ECD2211B4630050DEAB /* Log.Delegate.swift */,
			);
			name = Log;
			path = "New Group";
			sourceTree = "<group>";
		};
		9C7F1EF12211D7840050DEAB /* Artifact */ = {
			isa = PBXGroup;
			children = (
				9C7F1EF92211D7A40050DEAB /* Artifact.swift */,
				9C7F1F022211D8240050DEAB /* ArtifactViewable.swift */,
				9C7F1EF22211D7A40050DEAB /* ArtifactActions.swift */,
				9C7F1EF72211D7A40050DEAB /* ArtifactParameters.swift */,
				9C7F1EF62211D7A40050DEAB /* Artifact.ViewController.swift */,
				9C7F1EF32211D7A40050DEAB /* Artifact.Presenter.swift */,
				9C7F1EF42211D7A40050DEAB /* Artifact.DataSource.swift */,
				9C7F1EF82211D7A40050DEAB /* Artifact.Delegate.swift */,
				9C7F1F042211D8F40050DEAB /* Artifact.Cell.swift */,
			);
			path = Artifact;
			sourceTree = "<group>";
		};
		9C85D0FE220C4AFC004BEC8A /* Model */ = {
			isa = PBXGroup;
			children = (
				9C028914220C5B8700AD82A7 /* Responses */,
				9C028902220C588000AD82A7 /* DataModels */,
				9C85D100220C4B2E004BEC8A /* ApiError.swift */,
				9C85D0FF220C4B2E004BEC8A /* Result.swift */,
			);
			path = Model;
			sourceTree = "<group>";
		};
		9CBC5B7E220EE03A00A5D9F3 /* Build */ = {
			isa = PBXGroup;
			children = (
				9C267F63220EE1690096688B /* Build.swift */,
				9C267F65220EE1690096688B /* BuildActions.swift */,
				9C267F61220EE1680096688B /* BuildParameters.swift */,
				9C887A12220EE24D00C99C0B /* BuildViewable.swift */,
				9C267F68220EE1690096688B /* Build.ViewController.swift */,
				9C267F67220EE1690096688B /* Build.Presenter.swift */,
				9C267F64220EE1690096688B /* Build.DataSource.swift */,
				9C267F62220EE1680096688B /* Build.Delegate.swift */,
				9C066E0A22102C11009AE5FC /* Build.Cell.swift */,
			);
			path = Build;
			sourceTree = "<group>";
		};
		9CC53D9D220B34ED00267849 /* Protocols */ = {
			isa = PBXGroup;
			children = (
				9CC53D9E220B350F00267849 /* Wireframeable.swift */,
				9C02891B220C60BA00AD82A7 /* ErrorActionable.swift */,
				9C181260220D970A003D30AF /* ReusableCell.swift */,
				9C5005022210C8770021A5A7 /* CollectionViewControllerModule.swift */,
			);
			path = Protocols;
			sourceTree = "<group>";
		};
		9CC53DA4220B896B00267849 /* Splash */ = {
			isa = PBXGroup;
			children = (
				9CC53D94220B314F00267849 /* Splash.swift */,
				9CC53D90220B314F00267849 /* Splash.Presenter.swift */,
				9CC53D92220B314F00267849 /* Splash.ViewController.swift */,
				9CC53D8F220B314F00267849 /* SplashActionable.swift */,
				9CC53D93220B314F00267849 /* SplashParameters.swift */,
				9CC53D9B220B31CD00267849 /* SplashView.swift */,
			);
			path = Splash;
			sourceTree = "<group>";
		};
/* End PBXGroup section */

/* Begin PBXNativeTarget section */
		9C4E5B52220ADCF7004B15C1 /* BitUncle */ = {
			isa = PBXNativeTarget;
			buildConfigurationList = 9C4E5B70220ADCF8004B15C1 /* Build configuration list for PBXNativeTarget "BitUncle" */;
			buildPhases = (
				DB8E7A143D7502FED09AD8BA /* [CP] Check Pods Manifest.lock */,
				9C4E5B4F220ADCF7004B15C1 /* Sources */,
				9C4E5B50220ADCF7004B15C1 /* Frameworks */,
				9C4E5B51220ADCF7004B15C1 /* Resources */,
				BD2AF1DEEAAA695B5B4C93ED /* [CP] Embed Pods Frameworks */,
			);
			buildRules = (
			);
			dependencies = (
			);
			name = BitUncle;
			productName = BitUncle;
			productReference = 9C4E5B53220ADCF7004B15C1 /* BitUncle debug.app */;
			productType = "com.apple.product-type.application";
		};
		9C4E5B66220ADCF8004B15C1 /* BitUncleTests */ = {
			isa = PBXNativeTarget;
			buildConfigurationList = 9C4E5B73220ADCF8004B15C1 /* Build configuration list for PBXNativeTarget "BitUncleTests" */;
			buildPhases = (
				A8AC76F1DC1C5B408381BC5F /* [CP] Check Pods Manifest.lock */,
				9C4E5B63220ADCF8004B15C1 /* Sources */,
				9C4E5B64220ADCF8004B15C1 /* Frameworks */,
				9C4E5B65220ADCF8004B15C1 /* Resources */,
			);
			buildRules = (
			);
			dependencies = (
				9C4E5B69220ADCF8004B15C1 /* PBXTargetDependency */,
			);
			name = BitUncleTests;
			productName = BitUncleTests;
			productReference = 9C4E5B67220ADCF8004B15C1 /* BitUncleTests.xctest */;
			productType = "com.apple.product-type.bundle.unit-test";
		};
/* End PBXNativeTarget section */

/* Begin PBXProject section */
		9C4E5B4B220ADCF7004B15C1 /* Project object */ = {
			isa = PBXProject;
			attributes = {
				LastSwiftUpdateCheck = 1010;
				LastUpgradeCheck = 1010;
				ORGANIZATIONNAME = "Eugène Peschard";
				TargetAttributes = {
					9C4E5B52220ADCF7004B15C1 = {
						CreatedOnToolsVersion = 10.1;
						SystemCapabilities = {
							com.apple.BackgroundModes = {
								enabled = 1;
							};
						};
					};
					9C4E5B66220ADCF8004B15C1 = {
						CreatedOnToolsVersion = 10.1;
						TestTargetID = 9C4E5B52220ADCF7004B15C1;
					};
				};
			};
			buildConfigurationList = 9C4E5B4E220ADCF7004B15C1 /* Build configuration list for PBXProject "BitUncle" */;
			compatibilityVersion = "Xcode 9.3";
			developmentRegion = en;
			hasScannedForEncodings = 0;
			knownRegions = (
				en,
				Base,
			);
			mainGroup = 9C4E5B4A220ADCF7004B15C1;
			productRefGroup = 9C4E5B54220ADCF7004B15C1 /* Products */;
			projectDirPath = "";
			projectRoot = "";
			targets = (
				9C4E5B52220ADCF7004B15C1 /* BitUncle */,
				9C4E5B66220ADCF8004B15C1 /* BitUncleTests */,
			);
		};
/* End PBXProject section */

/* Begin PBXResourcesBuildPhase section */
		9C4E5B51220ADCF7004B15C1 /* Resources */ = {
			isa = PBXResourcesBuildPhase;
			buildActionMask = 2147483647;
			files = (
				9CC53D8D220B04CE00267849 /* GoogleService-Info-Stage.plist in Resources */,
				9C0288FD220C544800AD82A7 /* Base.lproj in Resources */,
				9C0288FE220C544800AD82A7 /* Assets.xcassets in Resources */,
				9C0288FF220C544800AD82A7 /* RemoteConfig.plist in Resources */,
				9CC53D8E220B04CE00267849 /* GoogleService-Info.plist in Resources */,
				9C0288FC220C544800AD82A7 /* Localizable.strings in Resources */,
				9CC53D8C220B04CE00267849 /* GoogleService-Info-Debug.plist in Resources */,
			);
			runOnlyForDeploymentPostprocessing = 0;
		};
		9C4E5B65220ADCF8004B15C1 /* Resources */ = {
			isa = PBXResourcesBuildPhase;
			buildActionMask = 2147483647;
			files = (
			);
			runOnlyForDeploymentPostprocessing = 0;
		};
/* End PBXResourcesBuildPhase section */

/* Begin PBXShellScriptBuildPhase section */
		A8AC76F1DC1C5B408381BC5F /* [CP] Check Pods Manifest.lock */ = {
			isa = PBXShellScriptBuildPhase;
			buildActionMask = 2147483647;
			files = (
			);
			inputPaths = (
				"${PODS_PODFILE_DIR_PATH}/Podfile.lock",
				"${PODS_ROOT}/Manifest.lock",
			);
			name = "[CP] Check Pods Manifest.lock";
			outputPaths = (
				"$(DERIVED_FILE_DIR)/Pods-BitUncleTests-checkManifestLockResult.txt",
			);
			runOnlyForDeploymentPostprocessing = 0;
			shellPath = /bin/sh;
			shellScript = "diff \"${PODS_PODFILE_DIR_PATH}/Podfile.lock\" \"${PODS_ROOT}/Manifest.lock\" > /dev/null\nif [ $? != 0 ] ; then\n    # print error to STDERR\n    echo \"error: The sandbox is not in sync with the Podfile.lock. Run 'pod install' or update your CocoaPods installation.\" >&2\n    exit 1\nfi\n# This output is used by Xcode 'outputs' to avoid re-running this script phase.\necho \"SUCCESS\" > \"${SCRIPT_OUTPUT_FILE_0}\"\n";
			showEnvVarsInLog = 0;
		};
		BD2AF1DEEAAA695B5B4C93ED /* [CP] Embed Pods Frameworks */ = {
			isa = PBXShellScriptBuildPhase;
			buildActionMask = 2147483647;
			files = (
			);
			inputPaths = (
				"${SRCROOT}/Pods/Target Support Files/Pods-BitUncle/Pods-BitUncle-frameworks.sh",
				"${BUILT_PRODUCTS_DIR}/Alamofire/Alamofire.framework",
				"${BUILT_PRODUCTS_DIR}/GoogleUtilities/GoogleUtilities.framework",
				"${BUILT_PRODUCTS_DIR}/Moya/Moya.framework",
				"${BUILT_PRODUCTS_DIR}/Protobuf/Protobuf.framework",
				"${BUILT_PRODUCTS_DIR}/ReachabilitySwift/Reachability.framework",
				"${BUILT_PRODUCTS_DIR}/Result/Result.framework",
				"${BUILT_PRODUCTS_DIR}/SDWebImage/SDWebImage.framework",
				"${BUILT_PRODUCTS_DIR}/StanwoodCore/StanwoodCore.framework",
				"${BUILT_PRODUCTS_DIR}/SwiftRichString/SwiftRichString.framework",
				"${BUILT_PRODUCTS_DIR}/nanopb/nanopb.framework",
			);
			name = "[CP] Embed Pods Frameworks";
			outputPaths = (
				"${TARGET_BUILD_DIR}/${FRAMEWORKS_FOLDER_PATH}/Alamofire.framework",
				"${TARGET_BUILD_DIR}/${FRAMEWORKS_FOLDER_PATH}/GoogleUtilities.framework",
				"${TARGET_BUILD_DIR}/${FRAMEWORKS_FOLDER_PATH}/Moya.framework",
				"${TARGET_BUILD_DIR}/${FRAMEWORKS_FOLDER_PATH}/Protobuf.framework",
				"${TARGET_BUILD_DIR}/${FRAMEWORKS_FOLDER_PATH}/Reachability.framework",
				"${TARGET_BUILD_DIR}/${FRAMEWORKS_FOLDER_PATH}/Result.framework",
				"${TARGET_BUILD_DIR}/${FRAMEWORKS_FOLDER_PATH}/SDWebImage.framework",
				"${TARGET_BUILD_DIR}/${FRAMEWORKS_FOLDER_PATH}/StanwoodCore.framework",
				"${TARGET_BUILD_DIR}/${FRAMEWORKS_FOLDER_PATH}/SwiftRichString.framework",
				"${TARGET_BUILD_DIR}/${FRAMEWORKS_FOLDER_PATH}/nanopb.framework",
			);
			runOnlyForDeploymentPostprocessing = 0;
			shellPath = /bin/sh;
			shellScript = "\"${SRCROOT}/Pods/Target Support Files/Pods-BitUncle/Pods-BitUncle-frameworks.sh\"\n";
			showEnvVarsInLog = 0;
		};
		DB8E7A143D7502FED09AD8BA /* [CP] Check Pods Manifest.lock */ = {
			isa = PBXShellScriptBuildPhase;
			buildActionMask = 2147483647;
			files = (
			);
			inputPaths = (
				"${PODS_PODFILE_DIR_PATH}/Podfile.lock",
				"${PODS_ROOT}/Manifest.lock",
			);
			name = "[CP] Check Pods Manifest.lock";
			outputPaths = (
				"$(DERIVED_FILE_DIR)/Pods-BitUncle-checkManifestLockResult.txt",
			);
			runOnlyForDeploymentPostprocessing = 0;
			shellPath = /bin/sh;
			shellScript = "diff \"${PODS_PODFILE_DIR_PATH}/Podfile.lock\" \"${PODS_ROOT}/Manifest.lock\" > /dev/null\nif [ $? != 0 ] ; then\n    # print error to STDERR\n    echo \"error: The sandbox is not in sync with the Podfile.lock. Run 'pod install' or update your CocoaPods installation.\" >&2\n    exit 1\nfi\n# This output is used by Xcode 'outputs' to avoid re-running this script phase.\necho \"SUCCESS\" > \"${SCRIPT_OUTPUT_FILE_0}\"\n";
			showEnvVarsInLog = 0;
		};
/* End PBXShellScriptBuildPhase section */

/* Begin PBXSourcesBuildPhase section */
		9C4E5B4F220ADCF7004B15C1 /* Sources */ = {
			isa = PBXSourcesBuildPhase;
			buildActionMask = 2147483647;
			files = (
				9C267F6A220EE1690096688B /* Build.Delegate.swift in Sources */,
				9C7F1ED02211B4630050DEAB /* Log.Presenter.swift in Sources */,
				9C7F1F012211D7A40050DEAB /* Artifact.swift in Sources */,
				9C267F6B220EE1690096688B /* Build.swift in Sources */,
				9C028900220C544800AD82A7 /* String+Translations.swift in Sources */,
				9CC53DA3220B46A100267849 /* UIColor+Extension.swift in Sources */,
				9C7F1F032211D8240050DEAB /* ArtifactViewable.swift in Sources */,
				9C181250220D9095003D30AF /* App.DataSource.swift in Sources */,
				9CD3DEF5221187CE0029423C /* UIImage+Extension.swift in Sources */,
				9C7F1EFB2211D7A40050DEAB /* Artifact.Presenter.swift in Sources */,
				9C7F1ECF2211B4630050DEAB /* LogActions.swift in Sources */,
				9C4E5B85220ADF98004B15C1 /* Actions.swift in Sources */,
				9CC53D9C220B31CD00267849 /* SplashView.swift in Sources */,
				9C7F1EE82211B5400050DEAB /* LogViewable.swift in Sources */,
				9C267F6C220EE1690096688B /* Build.DataSource.swift in Sources */,
				9C028913220C5A3800AD82A7 /* ProfileViewable.swift in Sources */,
				9C887A13220EE24D00C99C0B /* BuildViewable.swift in Sources */,
				9C028904220C58CC00AD82A7 /* Profile.DataModel.swift in Sources */,
				9C02891C220C60BA00AD82A7 /* ErrorActionable.swift in Sources */,
				9CC53D96220B314F00267849 /* Splash.Presenter.swift in Sources */,
				9C85D0F7220C42DB004BEC8A /* EndPoint.swift in Sources */,
				9C18124F220D9095003D30AF /* App.Presenter.swift in Sources */,
				9C7F1EFA2211D7A40050DEAB /* ArtifactActions.swift in Sources */,
				9C7F1EFF2211D7A40050DEAB /* ArtifactParameters.swift in Sources */,
				9C18124E220D9095003D30AF /* AppActions.swift in Sources */,
				9C181261220D970A003D30AF /* ReusableCell.swift in Sources */,
				9C4E5B57220ADCF7004B15C1 /* AppDelegate.swift in Sources */,
				9C02890D220C59BF00AD82A7 /* Profile.Presenter.swift in Sources */,
				9C18125B220D92DC003D30AF /* App.Response.swift in Sources */,
				9C85D101220C4B2E004BEC8A /* Result.swift in Sources */,
				9C181255220D9095003D30AF /* App.swift in Sources */,
				9C4E5B87220ADFCE004B15C1 /* Coordinator.swift in Sources */,
				9CC53D99220B314F00267849 /* SplashParameters.swift in Sources */,
				9C7F1F052211D8F40050DEAB /* Artifact.Cell.swift in Sources */,
				9C02890F220C59BF00AD82A7 /* Profile.ViewController.swift in Sources */,
				9C7F1EEC2211B6380050DEAB /* Log.DataModel.swift in Sources */,
				9CC53D9A220B314F00267849 /* Splash.swift in Sources */,
				9C4E5B89220AE1A1004B15C1 /* DataProvider.swift in Sources */,
				9C4E5B8F220AE279004B15C1 /* Typealias.swift in Sources */,
				9C4E5B8D220AE24F004B15C1 /* NetworkService.swift in Sources */,
				9C181259220D923A003D30AF /* App.Cell.swift in Sources */,
				9C02890C220C59BF00AD82A7 /* ProfileActions.swift in Sources */,
				9C7F1F092211D9390050DEAB /* Artifact.Response.swift in Sources */,
				9C7F1ED52211B4630050DEAB /* Log.Delegate.swift in Sources */,
				9C7F1EEA2211B5D60050DEAB /* Log.Cell.swift in Sources */,
				9C5005032210C8770021A5A7 /* CollectionViewControllerModule.swift in Sources */,
				9C267F6D220EE1690096688B /* BuildActions.swift in Sources */,
				9C7F1EFE2211D7A40050DEAB /* Artifact.ViewController.swift in Sources */,
				9C181257220D90F3003D30AF /* AppViewable.swift in Sources */,
				9C03851D2214393C005D62DF /* Profile.DataSource.swift in Sources */,
				9CC53D95220B314F00267849 /* SplashActionable.swift in Sources */,
				9C4E5B8B220AE1F1004B15C1 /* NetworkManager.swift in Sources */,
				9C85D105220C4C42004BEC8A /* Date+Extension.swift in Sources */,
				9C03851F22145EE3005D62DF /* Profile.Delegate.swift in Sources */,
				9C85D0F9220C4797004BEC8A /* KeyChain.swift in Sources */,
				9CC53D98220B314F00267849 /* Splash.ViewController.swift in Sources */,
				9C4E5B7F220ADEF3004B15C1 /* AppController.swift in Sources */,
				9C028916220C5B9C00AD82A7 /* Profile.Response.swift in Sources */,
				9C267F70220EE1690096688B /* Build.ViewController.swift in Sources */,
				9C7F1ED12211B4630050DEAB /* Log.DataSource.swift in Sources */,
				9C066E07221028FE009AE5FC /* Build.Response.swift in Sources */,
				9C181266220D97EB003D30AF /* ColmnFlowLayout.swift in Sources */,
				9C181252220D9095003D30AF /* App.ViewController.swift in Sources */,
				9C181254220D9095003D30AF /* App.Delegate.swift in Sources */,
				9C7F1ED32211B4630050DEAB /* Log.ViewController.swift in Sources */,
				9C7F1F002211D7A40050DEAB /* Artifact.Delegate.swift in Sources */,
				9C028911220C59BF00AD82A7 /* Profile.swift in Sources */,
				9C4E5B83220ADF67004B15C1 /* AppData.swift in Sources */,
				9C4E5B81220ADF55004B15C1 /* Parameters.swift in Sources */,
				9C7F1F072211D91B0050DEAB /* Artifact.DataModel.swift in Sources */,
				9C7F1EEE2211B6580050DEAB /* Log.Response.swift in Sources */,
				9C181263220D9781003D30AF /* UICollectionView+Extension.swift in Sources */,
				9CC53D9F220B350F00267849 /* Wireframeable.swift in Sources */,
				9C267F6F220EE1690096688B /* Build.Presenter.swift in Sources */,
				9C18125D220D9302003D30AF /* App.DataModel.swift in Sources */,
				9C028910220C59BF00AD82A7 /* ProfileParameters.swift in Sources */,
				9C267F69220EE1690096688B /* BuildParameters.swift in Sources */,
				9C7F1ED62211B4630050DEAB /* Log.swift in Sources */,
				9CC53D86220B01B700267849 /* Configuration.swift in Sources */,
				9C066E092210290B009AE5FC /* Build.DataModel.swift in Sources */,
				9C7F1EF02211B9310050DEAB /* UITableView+Extension.swift in Sources */,
				9C7F1ED42211B4630050DEAB /* LogParameters.swift in Sources */,
				9C18125F220D939C003D30AF /* Paging.swift in Sources */,
				9CC53DA1220B3DE600267849 /* UIView+Extension.swift in Sources */,
				9C066E0B22102C11009AE5FC /* Build.Cell.swift in Sources */,
				9C85D102220C4B2E004BEC8A /* ApiError.swift in Sources */,
				9C7F1EFC2211D7A40050DEAB /* Artifact.DataSource.swift in Sources */,
				9CC53D88220B01D400267849 /* Constants.swift in Sources */,
				9C028918220C5C7700AD82A7 /* UINavigationController+Extension.swift in Sources */,
				9C181253220D9095003D30AF /* AppParameters.swift in Sources */,
			);
			runOnlyForDeploymentPostprocessing = 0;
		};
		9C4E5B63220ADCF8004B15C1 /* Sources */ = {
			isa = PBXSourcesBuildPhase;
			buildActionMask = 2147483647;
			files = (
				9C4E5B6C220ADCF8004B15C1 /* BitUncleTests.swift in Sources */,
			);
			runOnlyForDeploymentPostprocessing = 0;
		};
/* End PBXSourcesBuildPhase section */

/* Begin PBXTargetDependency section */
		9C4E5B69220ADCF8004B15C1 /* PBXTargetDependency */ = {
			isa = PBXTargetDependency;
			target = 9C4E5B52220ADCF7004B15C1 /* BitUncle */;
			targetProxy = 9C4E5B68220ADCF8004B15C1 /* PBXContainerItemProxy */;
		};
/* End PBXTargetDependency section */

/* Begin XCBuildConfiguration section */
		9C4E5B6E220ADCF8004B15C1 /* Debug */ = {
			isa = XCBuildConfiguration;
			buildSettings = {
				ALWAYS_SEARCH_USER_PATHS = NO;
				CLANG_ANALYZER_NONNULL = YES;
				CLANG_ANALYZER_NUMBER_OBJECT_CONVERSION = YES_AGGRESSIVE;
				CLANG_CXX_LANGUAGE_STANDARD = "gnu++14";
				CLANG_CXX_LIBRARY = "libc++";
				CLANG_ENABLE_MODULES = YES;
				CLANG_ENABLE_OBJC_ARC = YES;
				CLANG_ENABLE_OBJC_WEAK = YES;
				CLANG_WARN_BLOCK_CAPTURE_AUTORELEASING = YES;
				CLANG_WARN_BOOL_CONVERSION = YES;
				CLANG_WARN_COMMA = YES;
				CLANG_WARN_CONSTANT_CONVERSION = YES;
				CLANG_WARN_DEPRECATED_OBJC_IMPLEMENTATIONS = YES;
				CLANG_WARN_DIRECT_OBJC_ISA_USAGE = YES_ERROR;
				CLANG_WARN_DOCUMENTATION_COMMENTS = YES;
				CLANG_WARN_EMPTY_BODY = YES;
				CLANG_WARN_ENUM_CONVERSION = YES;
				CLANG_WARN_INFINITE_RECURSION = YES;
				CLANG_WARN_INT_CONVERSION = YES;
				CLANG_WARN_NON_LITERAL_NULL_CONVERSION = YES;
				CLANG_WARN_OBJC_IMPLICIT_RETAIN_SELF = YES;
				CLANG_WARN_OBJC_LITERAL_CONVERSION = YES;
				CLANG_WARN_OBJC_ROOT_CLASS = YES_ERROR;
				CLANG_WARN_RANGE_LOOP_ANALYSIS = YES;
				CLANG_WARN_STRICT_PROTOTYPES = YES;
				CLANG_WARN_SUSPICIOUS_MOVE = YES;
				CLANG_WARN_UNGUARDED_AVAILABILITY = YES_AGGRESSIVE;
				CLANG_WARN_UNREACHABLE_CODE = YES;
				CLANG_WARN__DUPLICATE_METHOD_MATCH = YES;
				CODE_SIGN_IDENTITY = "iPhone Developer";
				COPY_PHASE_STRIP = NO;
				DEBUG_INFORMATION_FORMAT = dwarf;
				ENABLE_STRICT_OBJC_MSGSEND = YES;
				ENABLE_TESTABILITY = YES;
				GCC_C_LANGUAGE_STANDARD = gnu11;
				GCC_DYNAMIC_NO_PIC = NO;
				GCC_NO_COMMON_BLOCKS = YES;
				GCC_OPTIMIZATION_LEVEL = 0;
				GCC_PREPROCESSOR_DEFINITIONS = (
					"DEBUG=1",
					"$(inherited)",
				);
				GCC_WARN_64_TO_32_BIT_CONVERSION = YES;
				GCC_WARN_ABOUT_RETURN_TYPE = YES_ERROR;
				GCC_WARN_UNDECLARED_SELECTOR = YES;
				GCC_WARN_UNINITIALIZED_AUTOS = YES_AGGRESSIVE;
				GCC_WARN_UNUSED_FUNCTION = YES;
				GCC_WARN_UNUSED_VARIABLE = YES;
				IPHONEOS_DEPLOYMENT_TARGET = 12.1;
				MTL_ENABLE_DEBUG_INFO = INCLUDE_SOURCE;
				MTL_FAST_MATH = YES;
				ONLY_ACTIVE_ARCH = YES;
				SDKROOT = iphoneos;
				SWIFT_ACTIVE_COMPILATION_CONDITIONS = DEBUG;
				SWIFT_OPTIMIZATION_LEVEL = "-Onone";
			};
			name = Debug;
		};
		9C4E5B6F220ADCF8004B15C1 /* Release */ = {
			isa = XCBuildConfiguration;
			buildSettings = {
				ALWAYS_SEARCH_USER_PATHS = NO;
				CLANG_ANALYZER_NONNULL = YES;
				CLANG_ANALYZER_NUMBER_OBJECT_CONVERSION = YES_AGGRESSIVE;
				CLANG_CXX_LANGUAGE_STANDARD = "gnu++14";
				CLANG_CXX_LIBRARY = "libc++";
				CLANG_ENABLE_MODULES = YES;
				CLANG_ENABLE_OBJC_ARC = YES;
				CLANG_ENABLE_OBJC_WEAK = YES;
				CLANG_WARN_BLOCK_CAPTURE_AUTORELEASING = YES;
				CLANG_WARN_BOOL_CONVERSION = YES;
				CLANG_WARN_COMMA = YES;
				CLANG_WARN_CONSTANT_CONVERSION = YES;
				CLANG_WARN_DEPRECATED_OBJC_IMPLEMENTATIONS = YES;
				CLANG_WARN_DIRECT_OBJC_ISA_USAGE = YES_ERROR;
				CLANG_WARN_DOCUMENTATION_COMMENTS = YES;
				CLANG_WARN_EMPTY_BODY = YES;
				CLANG_WARN_ENUM_CONVERSION = YES;
				CLANG_WARN_INFINITE_RECURSION = YES;
				CLANG_WARN_INT_CONVERSION = YES;
				CLANG_WARN_NON_LITERAL_NULL_CONVERSION = YES;
				CLANG_WARN_OBJC_IMPLICIT_RETAIN_SELF = YES;
				CLANG_WARN_OBJC_LITERAL_CONVERSION = YES;
				CLANG_WARN_OBJC_ROOT_CLASS = YES_ERROR;
				CLANG_WARN_RANGE_LOOP_ANALYSIS = YES;
				CLANG_WARN_STRICT_PROTOTYPES = YES;
				CLANG_WARN_SUSPICIOUS_MOVE = YES;
				CLANG_WARN_UNGUARDED_AVAILABILITY = YES_AGGRESSIVE;
				CLANG_WARN_UNREACHABLE_CODE = YES;
				CLANG_WARN__DUPLICATE_METHOD_MATCH = YES;
				CODE_SIGN_IDENTITY = "iPhone Developer";
				COPY_PHASE_STRIP = NO;
				DEBUG_INFORMATION_FORMAT = "dwarf-with-dsym";
				ENABLE_NS_ASSERTIONS = NO;
				ENABLE_STRICT_OBJC_MSGSEND = YES;
				GCC_C_LANGUAGE_STANDARD = gnu11;
				GCC_NO_COMMON_BLOCKS = YES;
				GCC_WARN_64_TO_32_BIT_CONVERSION = YES;
				GCC_WARN_ABOUT_RETURN_TYPE = YES_ERROR;
				GCC_WARN_UNDECLARED_SELECTOR = YES;
				GCC_WARN_UNINITIALIZED_AUTOS = YES_AGGRESSIVE;
				GCC_WARN_UNUSED_FUNCTION = YES;
				GCC_WARN_UNUSED_VARIABLE = YES;
				IPHONEOS_DEPLOYMENT_TARGET = 12.1;
				MTL_ENABLE_DEBUG_INFO = NO;
				MTL_FAST_MATH = YES;
				SDKROOT = iphoneos;
				SWIFT_COMPILATION_MODE = wholemodule;
				SWIFT_OPTIMIZATION_LEVEL = "-O";
				VALIDATE_PRODUCT = YES;
			};
			name = Release;
		};
		9C4E5B71220ADCF8004B15C1 /* Debug */ = {
			isa = XCBuildConfiguration;
			baseConfigurationReference = 9C4E5B91220AEB21004B15C1 /* Debug.xcconfig */;
			buildSettings = {
				CODE_SIGN_STYLE = Automatic;
				DEVELOPMENT_TEAM = 76898M8GJ2;
				INFOPLIST_FILE = "BitUncle/Supporting Files/Info.plist";
				LD_RUNPATH_SEARCH_PATHS = (
					"$(inherited)",
					"@executable_path/Frameworks",
				);
				SWIFT_VERSION = 4.2;
				TARGETED_DEVICE_FAMILY = "1,2";
			};
			name = Debug;
		};
		9C4E5B72220ADCF8004B15C1 /* Release */ = {
			isa = XCBuildConfiguration;
			baseConfigurationReference = 9C4E5B92220AEB31004B15C1 /* Release.xcconfig */;
			buildSettings = {
				CODE_SIGN_STYLE = Automatic;
				DEVELOPMENT_TEAM = 76898M8GJ2;
				INFOPLIST_FILE = "BitUncle/Supporting Files/Info.plist";
				LD_RUNPATH_SEARCH_PATHS = (
					"$(inherited)",
					"@executable_path/Frameworks",
				);
				SWIFT_VERSION = 4.2;
				TARGETED_DEVICE_FAMILY = "1,2";
			};
			name = Release;
		};
		9C4E5B74220ADCF8004B15C1 /* Debug */ = {
			isa = XCBuildConfiguration;
			baseConfigurationReference = A334922A936BD5D8A58D12F1 /* Pods-BitUncleTests.debug.xcconfig */;
			buildSettings = {
				ALWAYS_EMBED_SWIFT_STANDARD_LIBRARIES = YES;
				BUNDLE_LOADER = "$(TEST_HOST)";
				CODE_SIGN_STYLE = Automatic;
				DEVELOPMENT_TEAM = 76898M8GJ2;
				INFOPLIST_FILE = BitUncleTests/Info.plist;
				LD_RUNPATH_SEARCH_PATHS = (
					"$(inherited)",
					"@executable_path/Frameworks",
					"@loader_path/Frameworks",
				);
				PRODUCT_BUNDLE_IDENTIFIER = app.pesch.BitUncleTests;
				PRODUCT_NAME = "$(TARGET_NAME)";
				SWIFT_VERSION = 4.2;
				TARGETED_DEVICE_FAMILY = "1,2";
				TEST_HOST = "$(BUILT_PRODUCTS_DIR)/BitUncle debug.app/BitUncle debug";
			};
			name = Debug;
		};
		9C4E5B75220ADCF8004B15C1 /* Release */ = {
			isa = XCBuildConfiguration;
			baseConfigurationReference = C45E168ADF85D538921B9E40 /* Pods-BitUncleTests.release.xcconfig */;
			buildSettings = {
				ALWAYS_EMBED_SWIFT_STANDARD_LIBRARIES = YES;
				BUNDLE_LOADER = "$(TEST_HOST)";
				CODE_SIGN_STYLE = Automatic;
				DEVELOPMENT_TEAM = 76898M8GJ2;
				INFOPLIST_FILE = BitUncleTests/Info.plist;
				LD_RUNPATH_SEARCH_PATHS = (
					"$(inherited)",
					"@executable_path/Frameworks",
					"@loader_path/Frameworks",
				);
				PRODUCT_BUNDLE_IDENTIFIER = app.pesch.BitUncleTests;
				PRODUCT_NAME = "$(TARGET_NAME)";
				SWIFT_VERSION = 4.2;
				TARGETED_DEVICE_FAMILY = "1,2";
				TEST_HOST = "$(BUILT_PRODUCTS_DIR)/BitUncle debug.app/BitUncle debug";
			};
			name = Release;
		};
		9C4E5B94220AF150004B15C1 /* Stage */ = {
			isa = XCBuildConfiguration;
			buildSettings = {
				ALWAYS_SEARCH_USER_PATHS = NO;
				CLANG_ANALYZER_NONNULL = YES;
				CLANG_ANALYZER_NUMBER_OBJECT_CONVERSION = YES_AGGRESSIVE;
				CLANG_CXX_LANGUAGE_STANDARD = "gnu++14";
				CLANG_CXX_LIBRARY = "libc++";
				CLANG_ENABLE_MODULES = YES;
				CLANG_ENABLE_OBJC_ARC = YES;
				CLANG_ENABLE_OBJC_WEAK = YES;
				CLANG_WARN_BLOCK_CAPTURE_AUTORELEASING = YES;
				CLANG_WARN_BOOL_CONVERSION = YES;
				CLANG_WARN_COMMA = YES;
				CLANG_WARN_CONSTANT_CONVERSION = YES;
				CLANG_WARN_DEPRECATED_OBJC_IMPLEMENTATIONS = YES;
				CLANG_WARN_DIRECT_OBJC_ISA_USAGE = YES_ERROR;
				CLANG_WARN_DOCUMENTATION_COMMENTS = YES;
				CLANG_WARN_EMPTY_BODY = YES;
				CLANG_WARN_ENUM_CONVERSION = YES;
				CLANG_WARN_INFINITE_RECURSION = YES;
				CLANG_WARN_INT_CONVERSION = YES;
				CLANG_WARN_NON_LITERAL_NULL_CONVERSION = YES;
				CLANG_WARN_OBJC_IMPLICIT_RETAIN_SELF = YES;
				CLANG_WARN_OBJC_LITERAL_CONVERSION = YES;
				CLANG_WARN_OBJC_ROOT_CLASS = YES_ERROR;
				CLANG_WARN_RANGE_LOOP_ANALYSIS = YES;
				CLANG_WARN_STRICT_PROTOTYPES = YES;
				CLANG_WARN_SUSPICIOUS_MOVE = YES;
				CLANG_WARN_UNGUARDED_AVAILABILITY = YES_AGGRESSIVE;
				CLANG_WARN_UNREACHABLE_CODE = YES;
				CLANG_WARN__DUPLICATE_METHOD_MATCH = YES;
				CODE_SIGN_IDENTITY = "iPhone Developer";
				COPY_PHASE_STRIP = NO;
				DEBUG_INFORMATION_FORMAT = "dwarf-with-dsym";
				ENABLE_NS_ASSERTIONS = NO;
				ENABLE_STRICT_OBJC_MSGSEND = YES;
				GCC_C_LANGUAGE_STANDARD = gnu11;
				GCC_NO_COMMON_BLOCKS = YES;
				GCC_WARN_64_TO_32_BIT_CONVERSION = YES;
				GCC_WARN_ABOUT_RETURN_TYPE = YES_ERROR;
				GCC_WARN_UNDECLARED_SELECTOR = YES;
				GCC_WARN_UNINITIALIZED_AUTOS = YES_AGGRESSIVE;
				GCC_WARN_UNUSED_FUNCTION = YES;
				GCC_WARN_UNUSED_VARIABLE = YES;
				IPHONEOS_DEPLOYMENT_TARGET = 12.1;
				MTL_ENABLE_DEBUG_INFO = NO;
				MTL_FAST_MATH = YES;
				SDKROOT = iphoneos;
				SWIFT_COMPILATION_MODE = wholemodule;
				SWIFT_OPTIMIZATION_LEVEL = "-O";
				VALIDATE_PRODUCT = YES;
			};
			name = Stage;
		};
		9C4E5B95220AF150004B15C1 /* Stage */ = {
			isa = XCBuildConfiguration;
			baseConfigurationReference = 9C4E5B93220AEB3E004B15C1 /* Stage.xcconfig */;
			buildSettings = {
				CODE_SIGN_STYLE = Automatic;
				DEVELOPMENT_TEAM = 76898M8GJ2;
				INFOPLIST_FILE = "BitUncle/Supporting Files/Info.plist";
				LD_RUNPATH_SEARCH_PATHS = (
					"$(inherited)",
					"@executable_path/Frameworks",
				);
				SWIFT_VERSION = 4.2;
				TARGETED_DEVICE_FAMILY = "1,2";
			};
			name = Stage;
		};
		9C4E5B96220AF150004B15C1 /* Stage */ = {
			isa = XCBuildConfiguration;
			baseConfigurationReference = 18279204D9C4622F126259A7 /* Pods-BitUncleTests.stage.xcconfig */;
			buildSettings = {
				ALWAYS_EMBED_SWIFT_STANDARD_LIBRARIES = YES;
				BUNDLE_LOADER = "$(TEST_HOST)";
				CODE_SIGN_STYLE = Automatic;
				DEVELOPMENT_TEAM = 76898M8GJ2;
				INFOPLIST_FILE = BitUncleTests/Info.plist;
				LD_RUNPATH_SEARCH_PATHS = (
					"$(inherited)",
					"@executable_path/Frameworks",
					"@loader_path/Frameworks",
				);
				PRODUCT_BUNDLE_IDENTIFIER = app.pesch.BitUncleTests;
				PRODUCT_NAME = "$(TARGET_NAME)";
				SWIFT_VERSION = 4.2;
				TARGETED_DEVICE_FAMILY = "1,2";
				TEST_HOST = "$(BUILT_PRODUCTS_DIR)/BitUncle debug.app/BitUncle debug";
			};
			name = Stage;
		};
/* End XCBuildConfiguration section */

/* Begin XCConfigurationList section */
		9C4E5B4E220ADCF7004B15C1 /* Build configuration list for PBXProject "BitUncle" */ = {
			isa = XCConfigurationList;
			buildConfigurations = (
				9C4E5B6E220ADCF8004B15C1 /* Debug */,
				9C4E5B6F220ADCF8004B15C1 /* Release */,
				9C4E5B94220AF150004B15C1 /* Stage */,
			);
			defaultConfigurationIsVisible = 0;
			defaultConfigurationName = Release;
		};
		9C4E5B70220ADCF8004B15C1 /* Build configuration list for PBXNativeTarget "BitUncle" */ = {
			isa = XCConfigurationList;
			buildConfigurations = (
				9C4E5B71220ADCF8004B15C1 /* Debug */,
				9C4E5B72220ADCF8004B15C1 /* Release */,
				9C4E5B95220AF150004B15C1 /* Stage */,
			);
			defaultConfigurationIsVisible = 0;
			defaultConfigurationName = Release;
		};
		9C4E5B73220ADCF8004B15C1 /* Build configuration list for PBXNativeTarget "BitUncleTests" */ = {
			isa = XCConfigurationList;
			buildConfigurations = (
				9C4E5B74220ADCF8004B15C1 /* Debug */,
				9C4E5B75220ADCF8004B15C1 /* Release */,
				9C4E5B96220AF150004B15C1 /* Stage */,
			);
			defaultConfigurationIsVisible = 0;
			defaultConfigurationName = Release;
		};
/* End XCConfigurationList section */
	};
	rootObject = 9C4E5B4B220ADCF7004B15C1 /* Project object */;
}
